
Microsoft Visual Studio Solution File, Format Version 12.00
# Visual Studio Version 17
VisualStudioVersion = 17.7.34221.43
MinimumVisualStudioVersion = 10.0.40219.1
Project("{FAE04EC0-301F-11D3-BF4B-00C04F79EFBC}") = "WeatherForecast.Api", "WeatherForecast.Api\WeatherForecast.Api.csproj", "{593BEFAC-0520-4AEB-B757-E8FFFA0A2DF4}"
EndProject
Project("{FAE04EC0-301F-11D3-BF4B-00C04F79EFBC}") = "WeatherForecast.Web", "WeatherForecast.Web\WeatherForecast.Web.csproj", "{EA3241E6-E6D9-4F3C-A439-A2D81920C7CA}"
EndProject
Project("{FAE04EC0-301F-11D3-BF4B-00C04F79EFBC}") = "WeatherForecast.Shared", "WeatherForecast.Shared\WeatherForecast.Shared.csproj", "{40B5A3EC-1C19-4887-AB69-5459A41D66A7}"
EndProject
Global
	GlobalSection(SolutionConfigurationPlatforms) = preSolution
		Debug|Any CPU = Debug|Any CPU
		Release|Any CPU = Release|Any CPU
	EndGlobalSection
	GlobalSection(ProjectConfigurationPlatforms) = postSolution
		{593BEFAC-0520-4AEB-B757-E8FFFA0A2DF4}.Debug|Any CPU.ActiveCfg = Debug|Any CPU
		{593BEFAC-0520-4AEB-B757-E8FFFA0A2DF4}.Debug|Any CPU.Build.0 = Debug|Any CPU
		{593BEFAC-0520-4AEB-B757-E8FFFA0A2DF4}.Release|Any CPU.ActiveCfg = Release|Any CPU
		{593BEFAC-0520-4AEB-B757-E8FFFA0A2DF4}.Release|Any CPU.Build.0 = Release|Any CPU
		{EA3241E6-E6D9-4F3C-A439-A2D81920C7CA}.Debug|Any CPU.ActiveCfg = Debug|Any CPU
		{EA3241E6-E6D9-4F3C-A439-A2D81920C7CA}.Debug|Any CPU.Build.0 = Debug|Any CPU
		{EA3241E6-E6D9-4F3C-A439-A2D81920C7CA}.Release|Any CPU.ActiveCfg = Release|Any CPU
		{EA3241E6-E6D9-4F3C-A439-A2D81920C7CA}.Release|Any CPU.Build.0 = Release|Any CPU
		{40B5A3EC-1C19-4887-AB69-5459A41D66A7}.Debug|Any CPU.ActiveCfg = Debug|Any CPU
		{40B5A3EC-1C19-4887-AB69-5459A41D66A7}.Debug|Any CPU.Build.0 = Debug|Any CPU
		{40B5A3EC-1C19-4887-AB69-5459A41D66A7}.Release|Any CPU.ActiveCfg = Release|Any CPU
		{40B5A3EC-1C19-4887-AB69-5459A41D66A7}.Release|Any CPU.Build.0 = Release|Any CPU
	EndGlobalSection
	GlobalSection(SolutionProperties) = preSolution
		HideSolutionNode = FALSE
	EndGlobalSection
	GlobalSection(ExtensibilityGlobals) = postSolution
		SolutionGuid = {CD0B7CDD-E94A-4F65-AB01-4E80842948DF}
	EndGlobalSection
EndGlobal
